// !$*UTF8*$!
{
	archiveVersion = 1;
	classes = {
	};
	objectVersion = 55;
	objects = {

/* Begin PBXBuildFile section */
		7240BF3B282CA79D006BCCE2 /* AppDelegate.swift in Sources */ = {isa = PBXBuildFile; fileRef = 7240BF3A282CA79D006BCCE2 /* AppDelegate.swift */; };
		7240BF3D282CA79D006BCCE2 /* SceneDelegate.swift in Sources */ = {isa = PBXBuildFile; fileRef = 7240BF3C282CA79D006BCCE2 /* SceneDelegate.swift */; };
		7240BF44282CA79E006BCCE2 /* Assets.xcassets in Resources */ = {isa = PBXBuildFile; fileRef = 7240BF43282CA79E006BCCE2 /* Assets.xcassets */; };
		7240BF47282CA79E006BCCE2 /* LaunchScreen.storyboard in Resources */ = {isa = PBXBuildFile; fileRef = 7240BF45282CA79E006BCCE2 /* LaunchScreen.storyboard */; };
		7240BF56282CA844006BCCE2 /* StationLocationPresenter.swift in Sources */ = {isa = PBXBuildFile; fileRef = 7240BF4F282CA844006BCCE2 /* StationLocationPresenter.swift */; };
		7240BF57282CA844006BCCE2 /* StationLocationLocalDataManager.swift in Sources */ = {isa = PBXBuildFile; fileRef = 7240BF50282CA844006BCCE2 /* StationLocationLocalDataManager.swift */; };
		7240BF58282CA844006BCCE2 /* StationLocationProtocols.swift in Sources */ = {isa = PBXBuildFile; fileRef = 7240BF51282CA844006BCCE2 /* StationLocationProtocols.swift */; };
		7240BF59282CA844006BCCE2 /* StationLocationInteractor.swift in Sources */ = {isa = PBXBuildFile; fileRef = 7240BF52282CA844006BCCE2 /* StationLocationInteractor.swift */; };
		7240BF5A282CA844006BCCE2 /* StationLocationView.swift in Sources */ = {isa = PBXBuildFile; fileRef = 7240BF53282CA844006BCCE2 /* StationLocationView.swift */; };
		7240BF5B282CA844006BCCE2 /* StationLocationRemoteDataManager.swift in Sources */ = {isa = PBXBuildFile; fileRef = 7240BF54282CA844006BCCE2 /* StationLocationRemoteDataManager.swift */; };
		7240BF5C282CA844006BCCE2 /* StationLocationWireFrame.swift in Sources */ = {isa = PBXBuildFile; fileRef = 7240BF55282CA844006BCCE2 /* StationLocationWireFrame.swift */; };
		725747A3282CB5B7008901F1 /* MapKitExtension.swift in Sources */ = {isa = PBXBuildFile; fileRef = 725747A2282CB5B6008901F1 /* MapKitExtension.swift */; };
		725747A5282CB863008901F1 /* StationLocationModel.swift in Sources */ = {isa = PBXBuildFile; fileRef = 725747A4282CB863008901F1 /* StationLocationModel.swift */; };
		7266832D282EA7120021ACDE /* ListLocationPresenter.swift in Sources */ = {isa = PBXBuildFile; fileRef = 72668326282EA7120021ACDE /* ListLocationPresenter.swift */; };
		7266832E282EA7120021ACDE /* ListLocationLocalDataManager.swift in Sources */ = {isa = PBXBuildFile; fileRef = 72668327282EA7120021ACDE /* ListLocationLocalDataManager.swift */; };
		7266832F282EA7120021ACDE /* ListLocationProtocols.swift in Sources */ = {isa = PBXBuildFile; fileRef = 72668328282EA7120021ACDE /* ListLocationProtocols.swift */; };
		72668330282EA7120021ACDE /* ListLocationInteractor.swift in Sources */ = {isa = PBXBuildFile; fileRef = 72668329282EA7120021ACDE /* ListLocationInteractor.swift */; };
		72668331282EA7120021ACDE /* ListLocationView.swift in Sources */ = {isa = PBXBuildFile; fileRef = 7266832A282EA7120021ACDE /* ListLocationView.swift */; };
		72668332282EA7120021ACDE /* ListLocationRemoteDataManager.swift in Sources */ = {isa = PBXBuildFile; fileRef = 7266832B282EA7120021ACDE /* ListLocationRemoteDataManager.swift */; };
		72668333282EA7120021ACDE /* ListLocationWireFrame.swift in Sources */ = {isa = PBXBuildFile; fileRef = 7266832C282EA7120021ACDE /* ListLocationWireFrame.swift */; };
		7266833B282EA7270021ACDE /* FavoutiteLocationsPresenter.swift in Sources */ = {isa = PBXBuildFile; fileRef = 72668334282EA7270021ACDE /* FavoutiteLocationsPresenter.swift */; };
		7266833C282EA7270021ACDE /* FavoutiteLocationsLocalDataManager.swift in Sources */ = {isa = PBXBuildFile; fileRef = 72668335282EA7270021ACDE /* FavoutiteLocationsLocalDataManager.swift */; };
		7266833D282EA7270021ACDE /* FavoutiteLocationsProtocols.swift in Sources */ = {isa = PBXBuildFile; fileRef = 72668336282EA7270021ACDE /* FavoutiteLocationsProtocols.swift */; };
		7266833E282EA7270021ACDE /* FavoutiteLocationsInteractor.swift in Sources */ = {isa = PBXBuildFile; fileRef = 72668337282EA7270021ACDE /* FavoutiteLocationsInteractor.swift */; };
		7266833F282EA7270021ACDE /* FavoutiteLocationsView.swift in Sources */ = {isa = PBXBuildFile; fileRef = 72668338282EA7270021ACDE /* FavoutiteLocationsView.swift */; };
		72668340282EA7270021ACDE /* FavoutiteLocationsRemoteDataManager.swift in Sources */ = {isa = PBXBuildFile; fileRef = 72668339282EA7270021ACDE /* FavoutiteLocationsRemoteDataManager.swift */; };
		72668341282EA7270021ACDE /* FavoutiteLocationsWireFrame.swift in Sources */ = {isa = PBXBuildFile; fileRef = 7266833A282EA7270021ACDE /* FavoutiteLocationsWireFrame.swift */; };
		72668344282EA8C30021ACDE /* LocationTableViewCell.swift in Sources */ = {isa = PBXBuildFile; fileRef = 72668343282EA8C30021ACDE /* LocationTableViewCell.swift */; };
		7266834F282EB8050021ACDE /* Realm in Frameworks */ = {isa = PBXBuildFile; productRef = 7266834E282EB8050021ACDE /* Realm */; };
		72668351282EB8050021ACDE /* RealmSwift in Frameworks */ = {isa = PBXBuildFile; productRef = 72668350282EB8050021ACDE /* RealmSwift */; };
		7266835B282F1ADC0021ACDE /* ShowMapPresenter.swift in Sources */ = {isa = PBXBuildFile; fileRef = 72668354282F1ADC0021ACDE /* ShowMapPresenter.swift */; };
		7266835C282F1ADC0021ACDE /* ShowMapLocalDataManager.swift in Sources */ = {isa = PBXBuildFile; fileRef = 72668355282F1ADC0021ACDE /* ShowMapLocalDataManager.swift */; };
		7266835D282F1ADC0021ACDE /* ShowMapProtocols.swift in Sources */ = {isa = PBXBuildFile; fileRef = 72668356282F1ADC0021ACDE /* ShowMapProtocols.swift */; };
		7266835E282F1ADC0021ACDE /* ShowMapInteractor.swift in Sources */ = {isa = PBXBuildFile; fileRef = 72668357282F1ADC0021ACDE /* ShowMapInteractor.swift */; };
		7266835F282F1ADC0021ACDE /* ShowMapView.swift in Sources */ = {isa = PBXBuildFile; fileRef = 72668358282F1ADC0021ACDE /* ShowMapView.swift */; };
		72668360282F1ADC0021ACDE /* ShowMapRemoteDataManager.swift in Sources */ = {isa = PBXBuildFile; fileRef = 72668359282F1ADC0021ACDE /* ShowMapRemoteDataManager.swift */; };
		72668361282F1ADC0021ACDE /* ShowMapWireFrame.swift in Sources */ = {isa = PBXBuildFile; fileRef = 7266835A282F1ADC0021ACDE /* ShowMapWireFrame.swift */; };
		72BFC401282D51D5002BF8D4 /* MoreMenuPresenter.swift in Sources */ = {isa = PBXBuildFile; fileRef = 72BFC3FA282D51D5002BF8D4 /* MoreMenuPresenter.swift */; };
		72BFC403282D51D5002BF8D4 /* MoreMenuProtocols.swift in Sources */ = {isa = PBXBuildFile; fileRef = 72BFC3FC282D51D5002BF8D4 /* MoreMenuProtocols.swift */; };
		72BFC405282D51D5002BF8D4 /* MoreMenuView.swift in Sources */ = {isa = PBXBuildFile; fileRef = 72BFC3FE282D51D5002BF8D4 /* MoreMenuView.swift */; };
		72BFC407282D51D5002BF8D4 /* MoreMenuWireFrame.swift in Sources */ = {isa = PBXBuildFile; fileRef = 72BFC400282D51D5002BF8D4 /* MoreMenuWireFrame.swift */; };
		72BFC409282D571F002BF8D4 /* UIViewExtension.swift in Sources */ = {isa = PBXBuildFile; fileRef = 72BFC408282D571F002BF8D4 /* UIViewExtension.swift */; };
		72BFC40B282D6AF3002BF8D4 /* MoreMenuModel.swift in Sources */ = {isa = PBXBuildFile; fileRef = 72BFC40A282D6AF3002BF8D4 /* MoreMenuModel.swift */; };
/* End PBXBuildFile section */

/* Begin PBXFileReference section */
		7240BF37282CA79D006BCCE2 /* SpaceStation.app */ = {isa = PBXFileReference; explicitFileType = wrapper.application; includeInIndex = 0; path = SpaceStation.app; sourceTree = BUILT_PRODUCTS_DIR; };
		7240BF3A282CA79D006BCCE2 /* AppDelegate.swift */ = {isa = PBXFileReference; lastKnownFileType = sourcecode.swift; path = AppDelegate.swift; sourceTree = "<group>"; };
		7240BF3C282CA79D006BCCE2 /* SceneDelegate.swift */ = {isa = PBXFileReference; lastKnownFileType = sourcecode.swift; path = SceneDelegate.swift; sourceTree = "<group>"; };
		7240BF43282CA79E006BCCE2 /* Assets.xcassets */ = {isa = PBXFileReference; lastKnownFileType = folder.assetcatalog; path = Assets.xcassets; sourceTree = "<group>"; };
		7240BF46282CA79E006BCCE2 /* Base */ = {isa = PBXFileReference; lastKnownFileType = file.storyboard; name = Base; path = Base.lproj/LaunchScreen.storyboard; sourceTree = "<group>"; };
		7240BF48282CA79E006BCCE2 /* Info.plist */ = {isa = PBXFileReference; lastKnownFileType = text.plist.xml; path = Info.plist; sourceTree = "<group>"; };
		7240BF4F282CA844006BCCE2 /* StationLocationPresenter.swift */ = {isa = PBXFileReference; lastKnownFileType = sourcecode.swift; path = StationLocationPresenter.swift; sourceTree = "<group>"; };
		7240BF50282CA844006BCCE2 /* StationLocationLocalDataManager.swift */ = {isa = PBXFileReference; lastKnownFileType = sourcecode.swift; path = StationLocationLocalDataManager.swift; sourceTree = "<group>"; };
		7240BF51282CA844006BCCE2 /* StationLocationProtocols.swift */ = {isa = PBXFileReference; lastKnownFileType = sourcecode.swift; path = StationLocationProtocols.swift; sourceTree = "<group>"; };
		7240BF52282CA844006BCCE2 /* StationLocationInteractor.swift */ = {isa = PBXFileReference; lastKnownFileType = sourcecode.swift; path = StationLocationInteractor.swift; sourceTree = "<group>"; };
		7240BF53282CA844006BCCE2 /* StationLocationView.swift */ = {isa = PBXFileReference; lastKnownFileType = sourcecode.swift; path = StationLocationView.swift; sourceTree = "<group>"; };
		7240BF54282CA844006BCCE2 /* StationLocationRemoteDataManager.swift */ = {isa = PBXFileReference; lastKnownFileType = sourcecode.swift; path = StationLocationRemoteDataManager.swift; sourceTree = "<group>"; };
		7240BF55282CA844006BCCE2 /* StationLocationWireFrame.swift */ = {isa = PBXFileReference; lastKnownFileType = sourcecode.swift; path = StationLocationWireFrame.swift; sourceTree = "<group>"; };
		725747A2282CB5B6008901F1 /* MapKitExtension.swift */ = {isa = PBXFileReference; lastKnownFileType = sourcecode.swift; path = MapKitExtension.swift; sourceTree = "<group>"; };
		725747A4282CB863008901F1 /* StationLocationModel.swift */ = {isa = PBXFileReference; lastKnownFileType = sourcecode.swift; path = StationLocationModel.swift; sourceTree = "<group>"; };
		72668326282EA7120021ACDE /* ListLocationPresenter.swift */ = {isa = PBXFileReference; lastKnownFileType = sourcecode.swift; path = ListLocationPresenter.swift; sourceTree = "<group>"; };
		72668327282EA7120021ACDE /* ListLocationLocalDataManager.swift */ = {isa = PBXFileReference; lastKnownFileType = sourcecode.swift; path = ListLocationLocalDataManager.swift; sourceTree = "<group>"; };
		72668328282EA7120021ACDE /* ListLocationProtocols.swift */ = {isa = PBXFileReference; lastKnownFileType = sourcecode.swift; path = ListLocationProtocols.swift; sourceTree = "<group>"; };
		72668329282EA7120021ACDE /* ListLocationInteractor.swift */ = {isa = PBXFileReference; lastKnownFileType = sourcecode.swift; path = ListLocationInteractor.swift; sourceTree = "<group>"; };
		7266832A282EA7120021ACDE /* ListLocationView.swift */ = {isa = PBXFileReference; lastKnownFileType = sourcecode.swift; path = ListLocationView.swift; sourceTree = "<group>"; };
		7266832B282EA7120021ACDE /* ListLocationRemoteDataManager.swift */ = {isa = PBXFileReference; lastKnownFileType = sourcecode.swift; path = ListLocationRemoteDataManager.swift; sourceTree = "<group>"; };
		7266832C282EA7120021ACDE /* ListLocationWireFrame.swift */ = {isa = PBXFileReference; lastKnownFileType = sourcecode.swift; path = ListLocationWireFrame.swift; sourceTree = "<group>"; };
		72668334282EA7270021ACDE /* FavoutiteLocationsPresenter.swift */ = {isa = PBXFileReference; lastKnownFileType = sourcecode.swift; path = FavoutiteLocationsPresenter.swift; sourceTree = "<group>"; };
		72668335282EA7270021ACDE /* FavoutiteLocationsLocalDataManager.swift */ = {isa = PBXFileReference; lastKnownFileType = sourcecode.swift; path = FavoutiteLocationsLocalDataManager.swift; sourceTree = "<group>"; };
		72668336282EA7270021ACDE /* FavoutiteLocationsProtocols.swift */ = {isa = PBXFileReference; lastKnownFileType = sourcecode.swift; path = FavoutiteLocationsProtocols.swift; sourceTree = "<group>"; };
		72668337282EA7270021ACDE /* FavoutiteLocationsInteractor.swift */ = {isa = PBXFileReference; lastKnownFileType = sourcecode.swift; path = FavoutiteLocationsInteractor.swift; sourceTree = "<group>"; };
		72668338282EA7270021ACDE /* FavoutiteLocationsView.swift */ = {isa = PBXFileReference; lastKnownFileType = sourcecode.swift; path = FavoutiteLocationsView.swift; sourceTree = "<group>"; };
		72668339282EA7270021ACDE /* FavoutiteLocationsRemoteDataManager.swift */ = {isa = PBXFileReference; lastKnownFileType = sourcecode.swift; path = FavoutiteLocationsRemoteDataManager.swift; sourceTree = "<group>"; };
		7266833A282EA7270021ACDE /* FavoutiteLocationsWireFrame.swift */ = {isa = PBXFileReference; lastKnownFileType = sourcecode.swift; path = FavoutiteLocationsWireFrame.swift; sourceTree = "<group>"; };
		72668343282EA8C30021ACDE /* LocationTableViewCell.swift */ = {isa = PBXFileReference; lastKnownFileType = sourcecode.swift; path = LocationTableViewCell.swift; sourceTree = "<group>"; };
		72668354282F1ADC0021ACDE /* ShowMapPresenter.swift */ = {isa = PBXFileReference; lastKnownFileType = sourcecode.swift; path = ShowMapPresenter.swift; sourceTree = "<group>"; };
		72668355282F1ADC0021ACDE /* ShowMapLocalDataManager.swift */ = {isa = PBXFileReference; lastKnownFileType = sourcecode.swift; path = ShowMapLocalDataManager.swift; sourceTree = "<group>"; };
		72668356282F1ADC0021ACDE /* ShowMapProtocols.swift */ = {isa = PBXFileReference; lastKnownFileType = sourcecode.swift; path = ShowMapProtocols.swift; sourceTree = "<group>"; };
		72668357282F1ADC0021ACDE /* ShowMapInteractor.swift */ = {isa = PBXFileReference; lastKnownFileType = sourcecode.swift; path = ShowMapInteractor.swift; sourceTree = "<group>"; };
		72668358282F1ADC0021ACDE /* ShowMapView.swift */ = {isa = PBXFileReference; lastKnownFileType = sourcecode.swift; path = ShowMapView.swift; sourceTree = "<group>"; };
		72668359282F1ADC0021ACDE /* ShowMapRemoteDataManager.swift */ = {isa = PBXFileReference; lastKnownFileType = sourcecode.swift; path = ShowMapRemoteDataManager.swift; sourceTree = "<group>"; };
		7266835A282F1ADC0021ACDE /* ShowMapWireFrame.swift */ = {isa = PBXFileReference; lastKnownFileType = sourcecode.swift; path = ShowMapWireFrame.swift; sourceTree = "<group>"; };
		72BFC3FA282D51D5002BF8D4 /* MoreMenuPresenter.swift */ = {isa = PBXFileReference; lastKnownFileType = sourcecode.swift; path = MoreMenuPresenter.swift; sourceTree = "<group>"; };
		72BFC3FC282D51D5002BF8D4 /* MoreMenuProtocols.swift */ = {isa = PBXFileReference; lastKnownFileType = sourcecode.swift; path = MoreMenuProtocols.swift; sourceTree = "<group>"; };
		72BFC3FE282D51D5002BF8D4 /* MoreMenuView.swift */ = {isa = PBXFileReference; lastKnownFileType = sourcecode.swift; path = MoreMenuView.swift; sourceTree = "<group>"; };
		72BFC400282D51D5002BF8D4 /* MoreMenuWireFrame.swift */ = {isa = PBXFileReference; lastKnownFileType = sourcecode.swift; path = MoreMenuWireFrame.swift; sourceTree = "<group>"; };
		72BFC408282D571F002BF8D4 /* UIViewExtension.swift */ = {isa = PBXFileReference; lastKnownFileType = sourcecode.swift; path = UIViewExtension.swift; sourceTree = "<group>"; };
		72BFC40A282D6AF3002BF8D4 /* MoreMenuModel.swift */ = {isa = PBXFileReference; lastKnownFileType = sourcecode.swift; path = MoreMenuModel.swift; sourceTree = "<group>"; };
/* End PBXFileReference section */

/* Begin PBXFrameworksBuildPhase section */
		7240BF34282CA79D006BCCE2 /* Frameworks */ = {
			isa = PBXFrameworksBuildPhase;
			buildActionMask = 2147483647;
			files = (
				72668351282EB8050021ACDE /* RealmSwift in Frameworks */,
				7266834F282EB8050021ACDE /* Realm in Frameworks */,
			);
			runOnlyForDeploymentPostprocessing = 0;
		};
/* End PBXFrameworksBuildPhase section */

/* Begin PBXGroup section */
		7240BF2E282CA79D006BCCE2 = {
			isa = PBXGroup;
			children = (
				7240BF39282CA79D006BCCE2 /* SpaceStation */,
				7240BF38282CA79D006BCCE2 /* Products */,
			);
			sourceTree = "<group>";
		};
		7240BF38282CA79D006BCCE2 /* Products */ = {
			isa = PBXGroup;
			children = (
				7240BF37282CA79D006BCCE2 /* SpaceStation.app */,
			);
			name = Products;
			sourceTree = "<group>";
		};
		7240BF39282CA79D006BCCE2 /* SpaceStation */ = {
			isa = PBXGroup;
			children = (
				725747A0282CB5A0008901F1 /* Commons */,
				7240BF5D282CA848006BCCE2 /* StattionLocation */,
				72BFC3F9282D5143002BF8D4 /* MoreMenu */,
				72668324282EA6500021ACDE /* ListLocations */,
				72668325282EA6650021ACDE /* Favourites Locations */,
				72668353282F1AA00021ACDE /* ShowMap */,
				7240BF3A282CA79D006BCCE2 /* AppDelegate.swift */,
				7240BF3C282CA79D006BCCE2 /* SceneDelegate.swift */,
				7240BF43282CA79E006BCCE2 /* Assets.xcassets */,
				7240BF45282CA79E006BCCE2 /* LaunchScreen.storyboard */,
				7240BF48282CA79E006BCCE2 /* Info.plist */,
			);
			path = SpaceStation;
			sourceTree = "<group>";
		};
		7240BF5D282CA848006BCCE2 /* StattionLocation */ = {
			isa = PBXGroup;
			children = (
				7240BF53282CA844006BCCE2 /* StationLocationView.swift */,
				7240BF4F282CA844006BCCE2 /* StationLocationPresenter.swift */,
				7240BF50282CA844006BCCE2 /* StationLocationLocalDataManager.swift */,
				7240BF51282CA844006BCCE2 /* StationLocationProtocols.swift */,
				7240BF52282CA844006BCCE2 /* StationLocationInteractor.swift */,
				7240BF54282CA844006BCCE2 /* StationLocationRemoteDataManager.swift */,
				7240BF55282CA844006BCCE2 /* StationLocationWireFrame.swift */,
				725747A4282CB863008901F1 /* StationLocationModel.swift */,
			);
			path = StattionLocation;
			sourceTree = "<group>";
		};
		725747A0282CB5A0008901F1 /* Commons */ = {
			isa = PBXGroup;
			children = (
				72668342282EA8AB0021ACDE /* Cells */,
				725747A1282CB5A6008901F1 /* Extensions */,
			);
			path = Commons;
			sourceTree = "<group>";
		};
		725747A1282CB5A6008901F1 /* Extensions */ = {
			isa = PBXGroup;
			children = (
				725747A2282CB5B6008901F1 /* MapKitExtension.swift */,
				72BFC408282D571F002BF8D4 /* UIViewExtension.swift */,
			);
			path = Extensions;
			sourceTree = "<group>";
		};
		72668324282EA6500021ACDE /* ListLocations */ = {
			isa = PBXGroup;
			children = (
				72668326282EA7120021ACDE /* ListLocationPresenter.swift */,
				72668327282EA7120021ACDE /* ListLocationLocalDataManager.swift */,
				72668328282EA7120021ACDE /* ListLocationProtocols.swift */,
				72668329282EA7120021ACDE /* ListLocationInteractor.swift */,
				7266832A282EA7120021ACDE /* ListLocationView.swift */,
				7266832B282EA7120021ACDE /* ListLocationRemoteDataManager.swift */,
				7266832C282EA7120021ACDE /* ListLocationWireFrame.swift */,
			);
			path = ListLocations;
			sourceTree = "<group>";
		};
		72668325282EA6650021ACDE /* Favourites Locations */ = {
			isa = PBXGroup;
			children = (
				72668334282EA7270021ACDE /* FavoutiteLocationsPresenter.swift */,
				72668335282EA7270021ACDE /* FavoutiteLocationsLocalDataManager.swift */,
				72668336282EA7270021ACDE /* FavoutiteLocationsProtocols.swift */,
				72668337282EA7270021ACDE /* FavoutiteLocationsInteractor.swift */,
				72668338282EA7270021ACDE /* FavoutiteLocationsView.swift */,
				72668339282EA7270021ACDE /* FavoutiteLocationsRemoteDataManager.swift */,
				7266833A282EA7270021ACDE /* FavoutiteLocationsWireFrame.swift */,
			);
			path = "Favourites Locations";
			sourceTree = "<group>";
		};
		72668342282EA8AB0021ACDE /* Cells */ = {
			isa = PBXGroup;
			children = (
				72668343282EA8C30021ACDE /* LocationTableViewCell.swift */,
			);
			path = Cells;
			sourceTree = "<group>";
		};
		72668353282F1AA00021ACDE /* ShowMap */ = {
			isa = PBXGroup;
			children = (
				72668354282F1ADC0021ACDE /* ShowMapPresenter.swift */,
				72668355282F1ADC0021ACDE /* ShowMapLocalDataManager.swift */,
				72668356282F1ADC0021ACDE /* ShowMapProtocols.swift */,
				72668357282F1ADC0021ACDE /* ShowMapInteractor.swift */,
				72668358282F1ADC0021ACDE /* ShowMapView.swift */,
				72668359282F1ADC0021ACDE /* ShowMapRemoteDataManager.swift */,
				7266835A282F1ADC0021ACDE /* ShowMapWireFrame.swift */,
			);
			path = ShowMap;
			sourceTree = "<group>";
		};
		72BFC3F9282D5143002BF8D4 /* MoreMenu */ = {
			isa = PBXGroup;
			children = (
				72BFC3FE282D51D5002BF8D4 /* MoreMenuView.swift */,
				72BFC3FA282D51D5002BF8D4 /* MoreMenuPresenter.swift */,
				72BFC3FC282D51D5002BF8D4 /* MoreMenuProtocols.swift */,
				72BFC400282D51D5002BF8D4 /* MoreMenuWireFrame.swift */,
				72BFC40A282D6AF3002BF8D4 /* MoreMenuModel.swift */,
			);
			path = MoreMenu;
			sourceTree = "<group>";
		};
/* End PBXGroup section */

/* Begin PBXNativeTarget section */
		7240BF36282CA79D006BCCE2 /* SpaceStation */ = {
			isa = PBXNativeTarget;
			buildConfigurationList = 7240BF4B282CA79E006BCCE2 /* Build configuration list for PBXNativeTarget "SpaceStation" */;
			buildPhases = (
				7240BF33282CA79D006BCCE2 /* Sources */,
				7240BF34282CA79D006BCCE2 /* Frameworks */,
				7240BF35282CA79D006BCCE2 /* Resources */,
			);
			buildRules = (
			);
			dependencies = (
			);
			name = SpaceStation;
			packageProductDependencies = (
				7266834E282EB8050021ACDE /* Realm */,
				72668350282EB8050021ACDE /* RealmSwift */,
			);
			productName = SpaceStation;
			productReference = 7240BF37282CA79D006BCCE2 /* SpaceStation.app */;
			productType = "com.apple.product-type.application";
		};
/* End PBXNativeTarget section */

/* Begin PBXProject section */
		7240BF2F282CA79D006BCCE2 /* Project object */ = {
			isa = PBXProject;
			attributes = {
				BuildIndependentTargetsInParallel = 1;
				LastSwiftUpdateCheck = 1320;
				LastUpgradeCheck = 1320;
				TargetAttributes = {
					7240BF36282CA79D006BCCE2 = {
						CreatedOnToolsVersion = 13.2.1;
					};
				};
			};
			buildConfigurationList = 7240BF32282CA79D006BCCE2 /* Build configuration list for PBXProject "SpaceStation" */;
			compatibilityVersion = "Xcode 13.0";
			developmentRegion = en;
			hasScannedForEncodings = 0;
			knownRegions = (
				en,
				Base,
			);
			mainGroup = 7240BF2E282CA79D006BCCE2;
			packageReferences = (
				7266834D282EB8050021ACDE /* XCRemoteSwiftPackageReference "realm-cocoa" */,
			);
			productRefGroup = 7240BF38282CA79D006BCCE2 /* Products */;
			projectDirPath = "";
			projectRoot = "";
			targets = (
				7240BF36282CA79D006BCCE2 /* SpaceStation */,
			);
		};
/* End PBXProject section */

/* Begin PBXResourcesBuildPhase section */
		7240BF35282CA79D006BCCE2 /* Resources */ = {
			isa = PBXResourcesBuildPhase;
			buildActionMask = 2147483647;
			files = (
				7240BF47282CA79E006BCCE2 /* LaunchScreen.storyboard in Resources */,
				7240BF44282CA79E006BCCE2 /* Assets.xcassets in Resources */,
			);
			runOnlyForDeploymentPostprocessing = 0;
		};
/* End PBXResourcesBuildPhase section */

/* Begin PBXSourcesBuildPhase section */
		7240BF33282CA79D006BCCE2 /* Sources */ = {
			isa = PBXSourcesBuildPhase;
			buildActionMask = 2147483647;
			files = (
				72668340282EA7270021ACDE /* FavoutiteLocationsRemoteDataManager.swift in Sources */,
				72668332282EA7120021ACDE /* ListLocationRemoteDataManager.swift in Sources */,
				7266835F282F1ADC0021ACDE /* ShowMapView.swift in Sources */,
				72BFC405282D51D5002BF8D4 /* MoreMenuView.swift in Sources */,
				7240BF57282CA844006BCCE2 /* StationLocationLocalDataManager.swift in Sources */,
				7266835E282F1ADC0021ACDE /* ShowMapInteractor.swift in Sources */,
				7266835D282F1ADC0021ACDE /* ShowMapProtocols.swift in Sources */,
				7240BF59282CA844006BCCE2 /* StationLocationInteractor.swift in Sources */,
				72668331282EA7120021ACDE /* ListLocationView.swift in Sources */,
				7240BF5B282CA844006BCCE2 /* StationLocationRemoteDataManager.swift in Sources */,
				72BFC40B282D6AF3002BF8D4 /* MoreMenuModel.swift in Sources */,
				7266833B282EA7270021ACDE /* FavoutiteLocationsPresenter.swift in Sources */,
				72BFC407282D51D5002BF8D4 /* MoreMenuWireFrame.swift in Sources */,
				725747A5282CB863008901F1 /* StationLocationModel.swift in Sources */,
				72BFC409282D571F002BF8D4 /* UIViewExtension.swift in Sources */,
				7240BF5A282CA844006BCCE2 /* StationLocationView.swift in Sources */,
				7266832E282EA7120021ACDE /* ListLocationLocalDataManager.swift in Sources */,
				7240BF56282CA844006BCCE2 /* StationLocationPresenter.swift in Sources */,
				725747A3282CB5B7008901F1 /* MapKitExtension.swift in Sources */,
				7266833F282EA7270021ACDE /* FavoutiteLocationsView.swift in Sources */,
				7240BF5C282CA844006BCCE2 /* StationLocationWireFrame.swift in Sources */,
				72668344282EA8C30021ACDE /* LocationTableViewCell.swift in Sources */,
				7266833C282EA7270021ACDE /* FavoutiteLocationsLocalDataManager.swift in Sources */,
				72BFC403282D51D5002BF8D4 /* MoreMenuProtocols.swift in Sources */,
				7266832D282EA7120021ACDE /* ListLocationPresenter.swift in Sources */,
				72668361282F1ADC0021ACDE /* ShowMapWireFrame.swift in Sources */,
				7240BF58282CA844006BCCE2 /* StationLocationProtocols.swift in Sources */,
				72668330282EA7120021ACDE /* ListLocationInteractor.swift in Sources */,
				7266832F282EA7120021ACDE /* ListLocationProtocols.swift in Sources */,
				7240BF3B282CA79D006BCCE2 /* AppDelegate.swift in Sources */,
				72668360282F1ADC0021ACDE /* ShowMapRemoteDataManager.swift in Sources */,
				72668333282EA7120021ACDE /* ListLocationWireFrame.swift in Sources */,
				72BFC401282D51D5002BF8D4 /* MoreMenuPresenter.swift in Sources */,
				7240BF3D282CA79D006BCCE2 /* SceneDelegate.swift in Sources */,
				7266835B282F1ADC0021ACDE /* ShowMapPresenter.swift in Sources */,
				7266833D282EA7270021ACDE /* FavoutiteLocationsProtocols.swift in Sources */,
				72668341282EA7270021ACDE /* FavoutiteLocationsWireFrame.swift in Sources */,
				7266833E282EA7270021ACDE /* FavoutiteLocationsInteractor.swift in Sources */,
				7266835C282F1ADC0021ACDE /* ShowMapLocalDataManager.swift in Sources */,
			);
			runOnlyForDeploymentPostprocessing = 0;
		};
/* End PBXSourcesBuildPhase section */

/* Begin PBXVariantGroup section */
		7240BF45282CA79E006BCCE2 /* LaunchScreen.storyboard */ = {
			isa = PBXVariantGroup;
			children = (
				7240BF46282CA79E006BCCE2 /* Base */,
			);
			name = LaunchScreen.storyboard;
			sourceTree = "<group>";
		};
/* End PBXVariantGroup section */

/* Begin XCBuildConfiguration section */
		7240BF49282CA79E006BCCE2 /* Debug */ = {
			isa = XCBuildConfiguration;
			buildSettings = {
				ALWAYS_SEARCH_USER_PATHS = NO;
				CLANG_ANALYZER_NONNULL = YES;
				CLANG_ANALYZER_NUMBER_OBJECT_CONVERSION = YES_AGGRESSIVE;
				CLANG_CXX_LANGUAGE_STANDARD = "gnu++17";
				CLANG_CXX_LIBRARY = "libc++";
				CLANG_ENABLE_MODULES = YES;
				CLANG_ENABLE_OBJC_ARC = YES;
				CLANG_ENABLE_OBJC_WEAK = YES;
				CLANG_WARN_BLOCK_CAPTURE_AUTORELEASING = YES;
				CLANG_WARN_BOOL_CONVERSION = YES;
				CLANG_WARN_COMMA = YES;
				CLANG_WARN_CONSTANT_CONVERSION = YES;
				CLANG_WARN_DEPRECATED_OBJC_IMPLEMENTATIONS = YES;
				CLANG_WARN_DIRECT_OBJC_ISA_USAGE = YES_ERROR;
				CLANG_WARN_DOCUMENTATION_COMMENTS = YES;
				CLANG_WARN_EMPTY_BODY = YES;
				CLANG_WARN_ENUM_CONVERSION = YES;
				CLANG_WARN_INFINITE_RECURSION = YES;
				CLANG_WARN_INT_CONVERSION = YES;
				CLANG_WARN_NON_LITERAL_NULL_CONVERSION = YES;
				CLANG_WARN_OBJC_IMPLICIT_RETAIN_SELF = YES;
				CLANG_WARN_OBJC_LITERAL_CONVERSION = YES;
				CLANG_WARN_OBJC_ROOT_CLASS = YES_ERROR;
				CLANG_WARN_QUOTED_INCLUDE_IN_FRAMEWORK_HEADER = YES;
				CLANG_WARN_RANGE_LOOP_ANALYSIS = YES;
				CLANG_WARN_STRICT_PROTOTYPES = YES;
				CLANG_WARN_SUSPICIOUS_MOVE = YES;
				CLANG_WARN_UNGUARDED_AVAILABILITY = YES_AGGRESSIVE;
				CLANG_WARN_UNREACHABLE_CODE = YES;
				CLANG_WARN__DUPLICATE_METHOD_MATCH = YES;
				COPY_PHASE_STRIP = NO;
				DEBUG_INFORMATION_FORMAT = dwarf;
				ENABLE_STRICT_OBJC_MSGSEND = YES;
				ENABLE_TESTABILITY = YES;
				GCC_C_LANGUAGE_STANDARD = gnu11;
				GCC_DYNAMIC_NO_PIC = NO;
				GCC_NO_COMMON_BLOCKS = YES;
				GCC_OPTIMIZATION_LEVEL = 0;
				GCC_PREPROCESSOR_DEFINITIONS = (
					"DEBUG=1",
					"$(inherited)",
				);
				GCC_WARN_64_TO_32_BIT_CONVERSION = YES;
				GCC_WARN_ABOUT_RETURN_TYPE = YES_ERROR;
				GCC_WARN_UNDECLARED_SELECTOR = YES;
				GCC_WARN_UNINITIALIZED_AUTOS = YES_AGGRESSIVE;
				GCC_WARN_UNUSED_FUNCTION = YES;
				GCC_WARN_UNUSED_VARIABLE = YES;
				IPHONEOS_DEPLOYMENT_TARGET = 15.2;
				MTL_ENABLE_DEBUG_INFO = INCLUDE_SOURCE;
				MTL_FAST_MATH = YES;
				ONLY_ACTIVE_ARCH = YES;
				SDKROOT = iphoneos;
				SWIFT_ACTIVE_COMPILATION_CONDITIONS = DEBUG;
				SWIFT_OPTIMIZATION_LEVEL = "-Onone";
			};
			name = Debug;
		};
		7240BF4A282CA79E006BCCE2 /* Release */ = {
			isa = XCBuildConfiguration;
			buildSettings = {
				ALWAYS_SEARCH_USER_PATHS = NO;
				CLANG_ANALYZER_NONNULL = YES;
				CLANG_ANALYZER_NUMBER_OBJECT_CONVERSION = YES_AGGRESSIVE;
				CLANG_CXX_LANGUAGE_STANDARD = "gnu++17";
				CLANG_CXX_LIBRARY = "libc++";
				CLANG_ENABLE_MODULES = YES;
				CLANG_ENABLE_OBJC_ARC = YES;
				CLANG_ENABLE_OBJC_WEAK = YES;
				CLANG_WARN_BLOCK_CAPTURE_AUTORELEASING = YES;
				CLANG_WARN_BOOL_CONVERSION = YES;
				CLANG_WARN_COMMA = YES;
				CLANG_WARN_CONSTANT_CONVERSION = YES;
				CLANG_WARN_DEPRECATED_OBJC_IMPLEMENTATIONS = YES;
				CLANG_WARN_DIRECT_OBJC_ISA_USAGE = YES_ERROR;
				CLANG_WARN_DOCUMENTATION_COMMENTS = YES;
				CLANG_WARN_EMPTY_BODY = YES;
				CLANG_WARN_ENUM_CONVERSION = YES;
				CLANG_WARN_INFINITE_RECURSION = YES;
				CLANG_WARN_INT_CONVERSION = YES;
				CLANG_WARN_NON_LITERAL_NULL_CONVERSION = YES;
				CLANG_WARN_OBJC_IMPLICIT_RETAIN_SELF = YES;
				CLANG_WARN_OBJC_LITERAL_CONVERSION = YES;
				CLANG_WARN_OBJC_ROOT_CLASS = YES_ERROR;
				CLANG_WARN_QUOTED_INCLUDE_IN_FRAMEWORK_HEADER = YES;
				CLANG_WARN_RANGE_LOOP_ANALYSIS = YES;
				CLANG_WARN_STRICT_PROTOTYPES = YES;
				CLANG_WARN_SUSPICIOUS_MOVE = YES;
				CLANG_WARN_UNGUARDED_AVAILABILITY = YES_AGGRESSIVE;
				CLANG_WARN_UNREACHABLE_CODE = YES;
				CLANG_WARN__DUPLICATE_METHOD_MATCH = YES;
				COPY_PHASE_STRIP = NO;
				DEBUG_INFORMATION_FORMAT = "dwarf-with-dsym";
				ENABLE_NS_ASSERTIONS = NO;
				ENABLE_STRICT_OBJC_MSGSEND = YES;
				GCC_C_LANGUAGE_STANDARD = gnu11;
				GCC_NO_COMMON_BLOCKS = YES;
				GCC_WARN_64_TO_32_BIT_CONVERSION = YES;
				GCC_WARN_ABOUT_RETURN_TYPE = YES_ERROR;
				GCC_WARN_UNDECLARED_SELECTOR = YES;
				GCC_WARN_UNINITIALIZED_AUTOS = YES_AGGRESSIVE;
				GCC_WARN_UNUSED_FUNCTION = YES;
				GCC_WARN_UNUSED_VARIABLE = YES;
				IPHONEOS_DEPLOYMENT_TARGET = 15.2;
				MTL_ENABLE_DEBUG_INFO = NO;
				MTL_FAST_MATH = YES;
				SDKROOT = iphoneos;
				SWIFT_COMPILATION_MODE = wholemodule;
				SWIFT_OPTIMIZATION_LEVEL = "-O";
				VALIDATE_PRODUCT = YES;
			};
			name = Release;
		};
		7240BF4C282CA79E006BCCE2 /* Debug */ = {
			isa = XCBuildConfiguration;
			buildSettings = {
				ASSETCATALOG_COMPILER_APPICON_NAME = AppIcon;
				ASSETCATALOG_COMPILER_GLOBAL_ACCENT_COLOR_NAME = AccentColor;
				CODE_SIGN_STYLE = Automatic;
				CURRENT_PROJECT_VERSION = 1;
				DEVELOPMENT_TEAM = TXJ7W24BC8;
				GENERATE_INFOPLIST_FILE = YES;
				INFOPLIST_FILE = SpaceStation/Info.plist;
				INFOPLIST_KEY_UIApplicationSupportsIndirectInputEvents = YES;
				INFOPLIST_KEY_UILaunchStoryboardName = LaunchScreen;
				INFOPLIST_KEY_UISupportedInterfaceOrientations_iPad = "UIInterfaceOrientationPortrait UIInterfaceOrientationPortraitUpsideDown UIInterfaceOrientationLandscapeLeft UIInterfaceOrientationLandscapeRight";
				INFOPLIST_KEY_UISupportedInterfaceOrientations_iPhone = "UIInterfaceOrientationPortrait UIInterfaceOrientationLandscapeLeft UIInterfaceOrientationLandscapeRight";
				LD_RUNPATH_SEARCH_PATHS = (
					"$(inherited)",
					"@executable_path/Frameworks",
				);
				MARKETING_VERSION = 1.0;
				PRODUCT_BUNDLE_IDENTIFIER = com.gustavogutierrez.SpaceStation;
				PRODUCT_NAME = "$(TARGET_NAME)";
				SWIFT_EMIT_LOC_STRINGS = YES;
				SWIFT_VERSION = 5.0;
				TARGETED_DEVICE_FAMILY = "1,2";
			};
			name = Debug;
		};
		7240BF4D282CA79E006BCCE2 /* Release */ = {
			isa = XCBuildConfiguration;
			buildSettings = {
				ASSETCATALOG_COMPILER_APPICON_NAME = AppIcon;
				ASSETCATALOG_COMPILER_GLOBAL_ACCENT_COLOR_NAME = AccentColor;
				CODE_SIGN_STYLE = Automatic;
				CURRENT_PROJECT_VERSION = 1;
				DEVELOPMENT_TEAM = TXJ7W24BC8;
				GENERATE_INFOPLIST_FILE = YES;
				INFOPLIST_FILE = SpaceStation/Info.plist;
				INFOPLIST_KEY_UIApplicationSupportsIndirectInputEvents = YES;
				INFOPLIST_KEY_UILaunchStoryboardName = LaunchScreen;
				INFOPLIST_KEY_UISupportedInterfaceOrientations_iPad = "UIInterfaceOrientationPortrait UIInterfaceOrientationPortraitUpsideDown UIInterfaceOrientationLandscapeLeft UIInterfaceOrientationLandscapeRight";
				INFOPLIST_KEY_UISupportedInterfaceOrientations_iPhone = "UIInterfaceOrientationPortrait UIInterfaceOrientationLandscapeLeft UIInterfaceOrientationLandscapeRight";
				LD_RUNPATH_SEARCH_PATHS = (
					"$(inherited)",
					"@executable_path/Frameworks",
				);
				MARKETING_VERSION = 1.0;
				PRODUCT_BUNDLE_IDENTIFIER = com.gustavogutierrez.SpaceStation;
				PRODUCT_NAME = "$(TARGET_NAME)";
				SWIFT_EMIT_LOC_STRINGS = YES;
				SWIFT_VERSION = 5.0;
				TARGETED_DEVICE_FAMILY = "1,2";
			};
			name = Release;
		};
/* End XCBuildConfiguration section */

/* Begin XCConfigurationList section */
		7240BF32282CA79D006BCCE2 /* Build configuration list for PBXProject "SpaceStation" */ = {
			isa = XCConfigurationList;
			buildConfigurations = (
				7240BF49282CA79E006BCCE2 /* Debug */,
				7240BF4A282CA79E006BCCE2 /* Release */,
			);
			defaultConfigurationIsVisible = 0;
			defaultConfigurationName = Release;
		};
		7240BF4B282CA79E006BCCE2 /* Build configuration list for PBXNativeTarget "SpaceStation" */ = {
			isa = XCConfigurationList;
			buildConfigurations = (
				7240BF4C282CA79E006BCCE2 /* Debug */,
				7240BF4D282CA79E006BCCE2 /* Release */,
			);
			defaultConfigurationIsVisible = 0;
			defaultConfigurationName = Release;
		};
/* End XCConfigurationList section */

/* Begin XCRemoteSwiftPackageReference section */
		7266834D282EB8050021ACDE /* XCRemoteSwiftPackageReference "realm-cocoa" */ = {
			isa = XCRemoteSwiftPackageReference;
			repositoryURL = "https://github.com/realm/realm-cocoa.git";
			requirement = {
				branch = master;
				kind = branch;
			};
		};
/* End XCRemoteSwiftPackageReference section */

/* Begin XCSwiftPackageProductDependency section */
		7266834E282EB8050021ACDE /* Realm */ = {
			isa = XCSwiftPackageProductDependency;
			package = 7266834D282EB8050021ACDE /* XCRemoteSwiftPackageReference "realm-cocoa" */;
			productName = Realm;
		};
		72668350282EB8050021ACDE /* RealmSwift */ = {
			isa = XCSwiftPackageProductDependency;
			package = 7266834D282EB8050021ACDE /* XCRemoteSwiftPackageReference "realm-cocoa" */;
			productName = RealmSwift;
		};
/* End XCSwiftPackageProductDependency section */
	};
	rootObject = 7240BF2F282CA79D006BCCE2 /* Project object */;
}
